{
    "version": 3,
    "terraform_version": "0.8.8",
    "serial": 26,
    "lineage": "2f100adb-dbd4-4380-8402-7f76345cd47d",
    "modules": [
        {
            "path": [
                "root"
            ],
            "outputs": {
                "node_dns_name": {
                    "sensitive": false,
                    "type": "string",
                    "value": "ec2-34-240-149-246.eu-west-1.compute.amazonaws.com"
                }
            },
            "resources": {
                "aws_ebs_volume.FachungData": {
                    "type": "aws_ebs_volume",
                    "depends_on": [],
                    "primary": {
                        "id": "vol-014fbd1294194f9d9",
                        "attributes": {
                            "availability_zone": "eu-west-1b",
                            "encrypted": "false",
                            "id": "vol-014fbd1294194f9d9",
                            "size": "1",
                            "snapshot_id": "",
                            "tags.%": "1",
                            "tags.Name": "FachungData",
                            "type": "standard"
                        },
                        "meta": {},
                        "tainted": false
                    },
                    "deposed": [],
                    "provider": ""
                },
                "aws_instance.Fachung": {
                    "type": "aws_instance",
                    "depends_on": [
                        "aws_security_group.jupyter_notebook_sg"
                    ],
                    "primary": {
                        "id": "i-0d10a9f1fbc11c4c2",
                        "attributes": {
                            "ami": "ami-a8d2d7ce",
                            "associate_public_ip_address": "true",
                            "availability_zone": "eu-west-1b",
                            "disable_api_termination": "false",
                            "ebs_block_device.#": "0",
                            "ebs_optimized": "false",
                            "ephemeral_block_device.#": "0",
                            "iam_instance_profile": "",
                            "id": "i-0d10a9f1fbc11c4c2",
                            "instance_state": "running",
                            "instance_type": "t2.nano",
                            "ipv6_address_count": "0",
                            "ipv6_addresses.#": "0",
                            "key_name": "fachung.pem",
                            "monitoring": "false",
                            "network_interface_id": "eni-2bd4fb14",
                            "private_dns": "ip-172-31-23-67.eu-west-1.compute.internal",
                            "private_ip": "172.31.23.67",
                            "public_dns": "ec2-34-240-149-246.eu-west-1.compute.amazonaws.com",
                            "public_ip": "34.240.149.246",
                            "root_block_device.#": "1",
                            "root_block_device.0.delete_on_termination": "true",
                            "root_block_device.0.iops": "100",
                            "root_block_device.0.volume_size": "8",
                            "root_block_device.0.volume_type": "gp2",
                            "security_groups.#": "0",
                            "source_dest_check": "true",
                            "subnet_id": "subnet-9056e2d9",
                            "tags.%": "1",
                            "tags.Name": "Fachung",
                            "tenancy": "default",
                            "vpc_security_group_ids.#": "1",
                            "vpc_security_group_ids.3691175211": "sg-04f6da7c"
                        },
                        "meta": {
                            "schema_version": "1"
                        },
                        "tainted": false
                    },
                    "deposed": [],
                    "provider": ""
                },
                "aws_security_group.jupyter_notebook_sg": {
                    "type": "aws_security_group",
                    "depends_on": [],
                    "primary": {
                        "id": "sg-04f6da7c",
                        "attributes": {
                            "description": "Managed by Terraform",
                            "egress.#": "1",
                            "egress.482069346.cidr_blocks.#": "1",
                            "egress.482069346.cidr_blocks.0": "0.0.0.0/0",
                            "egress.482069346.from_port": "0",
                            "egress.482069346.prefix_list_ids.#": "0",
                            "egress.482069346.protocol": "-1",
                            "egress.482069346.security_groups.#": "0",
                            "egress.482069346.self": "false",
                            "egress.482069346.to_port": "0",
                            "id": "sg-04f6da7c",
                            "ingress.#": "2",
                            "ingress.2541437006.cidr_blocks.#": "1",
                            "ingress.2541437006.cidr_blocks.0": "0.0.0.0/0",
                            "ingress.2541437006.from_port": "22",
                            "ingress.2541437006.protocol": "tcp",
                            "ingress.2541437006.security_groups.#": "0",
                            "ingress.2541437006.self": "false",
                            "ingress.2541437006.to_port": "22",
                            "ingress.433339597.cidr_blocks.#": "1",
                            "ingress.433339597.cidr_blocks.0": "0.0.0.0/0",
                            "ingress.433339597.from_port": "8888",
                            "ingress.433339597.protocol": "tcp",
                            "ingress.433339597.security_groups.#": "0",
                            "ingress.433339597.self": "false",
                            "ingress.433339597.to_port": "8888",
                            "name": "jupyter_notebook_sg",
                            "owner_id": "601583428451",
                            "tags.%": "0",
                            "vpc_id": "vpc-7665cf11"
                        },
                        "meta": {},
                        "tainted": false
                    },
                    "deposed": [],
                    "provider": ""
                },
                "aws_volume_attachment.ebs_att": {
                    "type": "aws_volume_attachment",
                    "depends_on": [
                        "aws_ebs_volume.FachungData",
                        "aws_instance.Fachung",
                        "aws_instance.Fachung"
                    ],
                    "primary": {
                        "id": "vai-3328605002",
                        "attributes": {
                            "device_name": "/dev/sdh",
                            "id": "vai-3328605002",
                            "instance_id": "i-0d10a9f1fbc11c4c2",
                            "skip_destroy": "true",
                            "volume_id": "vol-014fbd1294194f9d9"
                        },
                        "meta": {},
                        "tainted": false
                    },
                    "deposed": [],
                    "provider": ""
                }
            },
            "depends_on": []
        }
    ]
}
